
Microsoft Visual Studio Solution File, Format Version 12.00
# Visual Studio Version 17
VisualStudioVersion = 17.5.33516.290
MinimumVisualStudioVersion = 10.0.40219.1
Project("{2150E333-8FDC-42A3-9474-1A3956D46DE8}") = "Model", "Model", "{698BB90B-37D0-4F87-A3F6-79E30480CC03}"
EndProject
Project("{2150E333-8FDC-42A3-9474-1A3956D46DE8}") = "Server", "Server", "{863EF78B-1131-43EC-916A-F750C8874E9A}"
EndProject
Project("{FAE04EC0-301F-11D3-BF4B-00C04F79EFBC}") = "BLL.IService", "BLL.IService\BLL.IService.csproj", "{C33887F1-93F5-4A8D-903D-27F6486B27FB}"
EndProject
Project("{FAE04EC0-301F-11D3-BF4B-00C04F79EFBC}") = "BLL.IServiceImpl", "BLL.IServiceImpl\BLL.IServiceImpl.csproj", "{F249D352-5A60-40A3-911A-AFFCCDF688E0}"
EndProject
Project("{FAE04EC0-301F-11D3-BF4B-00C04F79EFBC}") = "Dao.Model", "Dao.Model\Dao.Model.csproj", "{2FF2955C-E733-4301-81E3-6B3677F093FF}"
EndProject
Project("{2150E333-8FDC-42A3-9474-1A3956D46DE8}") = "Domain", "Domain", "{D2263EC1-D49D-4375-93FE-432A20665FE4}"
EndProject
Project("{FAE04EC0-301F-11D3-BF4B-00C04F79EFBC}") = "Dao.Repository", "Dao.Repository\Dao.Repository.csproj", "{A2339A98-DA8A-4206-88BD-4D229AAB1ADF}"
EndProject
Project("{2150E333-8FDC-42A3-9474-1A3956D46DE8}") = "Comman", "Comman", "{AFECF7B2-46AA-4C27-AECC-4197DC7C662E}"
EndProject
Project("{FAE04EC0-301F-11D3-BF4B-00C04F79EFBC}") = "UtilityLibrary", "UtilityLibrary\UtilityLibrary.csproj", "{C8E726F4-E058-4E59-8A43-D80D1D3A1EB2}"
EndProject
Project("{FAE04EC0-301F-11D3-BF4B-00C04F79EFBC}") = "Dao.CodeFirst", "Dao.CodeFirst\Dao.CodeFirst.csproj", "{DA26BCB9-3383-479F-9688-D25375560FFC}"
EndProject
Project("{2150E333-8FDC-42A3-9474-1A3956D46DE8}") = "Controls", "Controls", "{0FDC6D90-4CD0-4B74-98E6-591328F78970}"
EndProject
Project("{FAE04EC0-301F-11D3-BF4B-00C04F79EFBC}") = "Client.Controls", "Client.Controls\Client.Controls.csproj", "{218B7195-37C6-4DB9-BE89-B6072681370B}"
EndProject
Project("{FAE04EC0-301F-11D3-BF4B-00C04F79EFBC}") = "PrismTest", "PrismTest\PrismTest.csproj", "{E7147585-80D3-47D6-8951-E0D10357A4F2}"
EndProject
Global
	GlobalSection(SolutionConfigurationPlatforms) = preSolution
		Debug|Any CPU = Debug|Any CPU
		Release|Any CPU = Release|Any CPU
	EndGlobalSection
	GlobalSection(ProjectConfigurationPlatforms) = postSolution
		{C33887F1-93F5-4A8D-903D-27F6486B27FB}.Debug|Any CPU.ActiveCfg = Debug|Any CPU
		{C33887F1-93F5-4A8D-903D-27F6486B27FB}.Debug|Any CPU.Build.0 = Debug|Any CPU
		{C33887F1-93F5-4A8D-903D-27F6486B27FB}.Release|Any CPU.ActiveCfg = Release|Any CPU
		{C33887F1-93F5-4A8D-903D-27F6486B27FB}.Release|Any CPU.Build.0 = Release|Any CPU
		{F249D352-5A60-40A3-911A-AFFCCDF688E0}.Debug|Any CPU.ActiveCfg = Debug|Any CPU
		{F249D352-5A60-40A3-911A-AFFCCDF688E0}.Debug|Any CPU.Build.0 = Debug|Any CPU
		{F249D352-5A60-40A3-911A-AFFCCDF688E0}.Release|Any CPU.ActiveCfg = Release|Any CPU
		{F249D352-5A60-40A3-911A-AFFCCDF688E0}.Release|Any CPU.Build.0 = Release|Any CPU
		{2FF2955C-E733-4301-81E3-6B3677F093FF}.Debug|Any CPU.ActiveCfg = Debug|Any CPU
		{2FF2955C-E733-4301-81E3-6B3677F093FF}.Debug|Any CPU.Build.0 = Debug|Any CPU
		{2FF2955C-E733-4301-81E3-6B3677F093FF}.Release|Any CPU.ActiveCfg = Release|Any CPU
		{2FF2955C-E733-4301-81E3-6B3677F093FF}.Release|Any CPU.Build.0 = Release|Any CPU
		{A2339A98-DA8A-4206-88BD-4D229AAB1ADF}.Debug|Any CPU.ActiveCfg = Debug|Any CPU
		{A2339A98-DA8A-4206-88BD-4D229AAB1ADF}.Debug|Any CPU.Build.0 = Debug|Any CPU
		{A2339A98-DA8A-4206-88BD-4D229AAB1ADF}.Release|Any CPU.ActiveCfg = Release|Any CPU
		{A2339A98-DA8A-4206-88BD-4D229AAB1ADF}.Release|Any CPU.Build.0 = Release|Any CPU
		{C8E726F4-E058-4E59-8A43-D80D1D3A1EB2}.Debug|Any CPU.ActiveCfg = Debug|Any CPU
		{C8E726F4-E058-4E59-8A43-D80D1D3A1EB2}.Debug|Any CPU.Build.0 = Debug|Any CPU
		{C8E726F4-E058-4E59-8A43-D80D1D3A1EB2}.Release|Any CPU.ActiveCfg = Release|Any CPU
		{C8E726F4-E058-4E59-8A43-D80D1D3A1EB2}.Release|Any CPU.Build.0 = Release|Any CPU
		{DA26BCB9-3383-479F-9688-D25375560FFC}.Debug|Any CPU.ActiveCfg = Debug|Any CPU
		{DA26BCB9-3383-479F-9688-D25375560FFC}.Debug|Any CPU.Build.0 = Debug|Any CPU
		{DA26BCB9-3383-479F-9688-D25375560FFC}.Release|Any CPU.ActiveCfg = Release|Any CPU
		{DA26BCB9-3383-479F-9688-D25375560FFC}.Release|Any CPU.Build.0 = Release|Any CPU
		{218B7195-37C6-4DB9-BE89-B6072681370B}.Debug|Any CPU.ActiveCfg = Debug|Any CPU
		{218B7195-37C6-4DB9-BE89-B6072681370B}.Debug|Any CPU.Build.0 = Debug|Any CPU
		{218B7195-37C6-4DB9-BE89-B6072681370B}.Release|Any CPU.ActiveCfg = Release|Any CPU
		{218B7195-37C6-4DB9-BE89-B6072681370B}.Release|Any CPU.Build.0 = Release|Any CPU
		{E7147585-80D3-47D6-8951-E0D10357A4F2}.Debug|Any CPU.ActiveCfg = Debug|Any CPU
		{E7147585-80D3-47D6-8951-E0D10357A4F2}.Debug|Any CPU.Build.0 = Debug|Any CPU
		{E7147585-80D3-47D6-8951-E0D10357A4F2}.Release|Any CPU.ActiveCfg = Release|Any CPU
		{E7147585-80D3-47D6-8951-E0D10357A4F2}.Release|Any CPU.Build.0 = Release|Any CPU
	EndGlobalSection
	GlobalSection(SolutionProperties) = preSolution
		HideSolutionNode = FALSE
	EndGlobalSection
	GlobalSection(NestedProjects) = preSolution
		{C33887F1-93F5-4A8D-903D-27F6486B27FB} = {863EF78B-1131-43EC-916A-F750C8874E9A}
		{F249D352-5A60-40A3-911A-AFFCCDF688E0} = {863EF78B-1131-43EC-916A-F750C8874E9A}
		{2FF2955C-E733-4301-81E3-6B3677F093FF} = {698BB90B-37D0-4F87-A3F6-79E30480CC03}
		{A2339A98-DA8A-4206-88BD-4D229AAB1ADF} = {D2263EC1-D49D-4375-93FE-432A20665FE4}
		{C8E726F4-E058-4E59-8A43-D80D1D3A1EB2} = {AFECF7B2-46AA-4C27-AECC-4197DC7C662E}
		{DA26BCB9-3383-479F-9688-D25375560FFC} = {D2263EC1-D49D-4375-93FE-432A20665FE4}
		{218B7195-37C6-4DB9-BE89-B6072681370B} = {0FDC6D90-4CD0-4B74-98E6-591328F78970}
	EndGlobalSection
	GlobalSection(ExtensibilityGlobals) = postSolution
		SolutionGuid = {D9AE5683-C985-404D-9B3F-42D00FDF08E3}
	EndGlobalSection
EndGlobal
